<?xml version="1.0" encoding="utf-8"?>
<Project ToolsVersion="4.0" xmlns="http://schemas.microsoft.com/developer/msbuild/2003">
  <ItemGroup>
    <Filter Include="Source Files">
      <UniqueIdentifier>{4FC737F1-C7A5-4376-A066-2A32D752A2FF}</UniqueIdentifier>
      <Extensions>cpp;c;cc;cxx;def;odl;idl;hpj;bat;asm;asmx</Extensions>
    </Filter>
    <Filter Include="Header Files">
      <UniqueIdentifier>{93995380-89BD-4b04-88EB-625FBE52EBFB}</UniqueIdentifier>
      <Extensions>h;hh;hpp;hxx;hm;inl;inc;xsd</Extensions>
    </Filter>
    <Filter Include="Resource Files">
      <UniqueIdentifier>{67DA6AB6-F800-4c08-8B7A-83BB121AAD01}</UniqueIdentifier>
      <Extensions>rc;ico;cur;bmp;dlg;rc2;rct;bin;rgs;gif;jpg;jpeg;jpe;resx;tiff;tif;png;wav;mfcribbon-ms</Extensions>
    </Filter>
  </ItemGroup>
  <ItemGroup>
    <ClCompile Include="hid.c">
      <Filter>Source Files</Filter>
    </ClCompile>
    <ClCompile Include="jctool.cpp">
      <Filter>Source Files</Filter>
    </ClCompile>
  </ItemGroup>
  <ItemGroup>
    <ClInclude Include="hidapi.h">
      <Filter>Header Files</Filter>
    </ClInclude>
    <ClInclude Include="jctool.h">
      <Filter>Header Files</Filter>
    </ClInclude>
    <ClInclude Include="FormJoy.h">
      <Filter>Header Files</Filter>
    </ClInclude>
    <ClInclude Include="Overrides.h">
      <Filter>Header Files</Filter>
    </ClInclude>
    <ClInclude Include="resource.h">
      <Filter>Header Files</Filter>
    </ClInclude>
    <ClInclude Include="tune.h">
      <Filter>Header Files</Filter>
    </ClInclude>
    <ClInclude Include="luts.h">
      <Filter>Header Files</Filter>
    </ClInclude>
    <ClInclude Include="ir_sensor.h">
      <Filter>Header Files</Filter>
    </ClInclude>
    <ClInclude Include="hidapi_log.h">
      <Filter>Header Files</Filter>
    </ClInclude>
  </ItemGroup>
  <ItemGroup>
    <EmbeddedResource Include="FormJoy.resx">
      <Filter>Resource Files</Filter>
    </EmbeddedResource>
    <EmbeddedResource Include="images.resx">
      <Filter>Resource Files</Filter>
    </EmbeddedResource>
  </ItemGroup>
  <ItemGroup>
    <ResourceCompile Include="Resource.rc">
      <Filter>Resource Files</Filter>
    </ResourceCompile>
  </ItemGroup>
  <ItemGroup>
    <Image Include="pro2.ico">
      <Filter>Resource Files</Filter>
    </Image>
    <Image Include="pro_small.ico">
      <Filter>Resource Files</Filter>
    </Image>
  </ItemGroup>
</Project>